{
  "name": "wails-svelte-spa-router-org-menu2",
  "lockfileVersion": 3,
  "requires": true,
  "packages": {
    "": {
      "dependencies": {
        "svelte": "^3.58.0",
        "sveltestrap": "^5.10.0"
      }
    },
    "node_modules/@popperjs/core": {
      "version": "2.11.7",
      "resolved": "https://registry.npmjs.org/@popperjs/core/-/core-2.11.7.tgz",
      "integrity": "sha512-Cr4OjIkipTtcXKjAsm8agyleBuDHvxzeBoa1v543lbv1YaIwQjESsVcmjiWiPEbC1FIeHOG/Op9kdCmAmiS3Kw==",
      "funding": {
        "type": "opencollective",
        "url": "https://opencollective.com/popperjs"
      }
    },
    "node_modules/svelte": {
      "version": "3.58.0",
      "resolved": "https://registry.npmjs.org/svelte/-/svelte-3.58.0.tgz",
      "integrity": "sha512-brIBNNB76mXFmU/Kerm4wFnkskBbluBDCjx/8TcpYRb298Yh2dztS2kQ6bhtjMcvUhd5ynClfwpz5h2gnzdQ1A==",
      "engines": {
        "node": ">= 8"
      }
    },
    "node_modules/sveltestrap": {
      "version": "5.10.0",
      "resolved": "https://registry.npmjs.org/sveltestrap/-/sveltestrap-5.10.0.tgz",
      "integrity": "sha512-k6Ob+6G2AMYvBidXHBKM9W28fJqFHbmosqCe/NC8pv6TV7K+v47Yw+zmnLWkjqCzzmjkSLkL48SrHZrlWc9mYQ==",
      "dependencies": {
        "@popperjs/core": "^2.9.2"
      },
      "peerDependencies": {
        "svelte": "^3.29.0"
      }
    }
  }
}
